
Microsoft Visual Studio Solution File, Format Version 12.00
# Visual Studio Version 17
VisualStudioVersion = 17.2.32630.192
MinimumVisualStudioVersion = 10.0.40219.1
Project("{FAE04EC0-301F-11D3-BF4B-00C04F79EFBC}") = "Adventure", "Adventure\Adventure.csproj", "{B751CC7F-3D70-4873-8CA6-300BCDD704D6}"
EndProject
Global
	GlobalSection(SolutionConfigurationPlatforms) = preSolution
		Debug|Any CPU = Debug|Any CPU
		Release|Any CPU = Release|Any CPU
	EndGlobalSection
	GlobalSection(ProjectConfigurationPlatforms) = postSolution
		{B751CC7F-3D70-4873-8CA6-300BCDD704D6}.Debug|Any CPU.ActiveCfg = Debug|Any CPU
		{B751CC7F-3D70-4873-8CA6-300BCDD704D6}.Debug|Any CPU.Build.0 = Debug|Any CPU
		{B751CC7F-3D70-4873-8CA6-300BCDD704D6}.Release|Any CPU.ActiveCfg = Release|Any CPU
		{B751CC7F-3D70-4873-8CA6-300BCDD704D6}.Release|Any CPU.Build.0 = Release|Any CPU
	EndGlobalSection
	GlobalSection(SolutionProperties) = preSolution
		HideSolutionNode = FALSE
	EndGlobalSection
	GlobalSection(ExtensibilityGlobals) = postSolution
		SolutionGuid = {EEDEA07A-396A-4DD1-9557-F16269A14544}
	EndGlobalSection
EndGlobal
